// !$*UTF8*$!
{
	archiveVersion = 1;
	classes = {
	};
	objectVersion = 55;
	objects = {

/* Begin PBXBuildFile section */
		6503D84F27DDB89000DB8BD4 /* AppDelegate.swift in Sources */ = {isa = PBXBuildFile; fileRef = 6503D84E27DDB89000DB8BD4 /* AppDelegate.swift */; };
		6503D85127DDB89000DB8BD4 /* SceneDelegate.swift in Sources */ = {isa = PBXBuildFile; fileRef = 6503D85027DDB89000DB8BD4 /* SceneDelegate.swift */; };
		6503D85327DDB89000DB8BD4 /* ViewController.swift in Sources */ = {isa = PBXBuildFile; fileRef = 6503D85227DDB89000DB8BD4 /* ViewController.swift */; };
		6503D85627DDB89000DB8BD4 /* Main.storyboard in Resources */ = {isa = PBXBuildFile; fileRef = 6503D85427DDB89000DB8BD4 /* Main.storyboard */; };
		6503D85827DDB89400DB8BD4 /* Assets.xcassets in Resources */ = {isa = PBXBuildFile; fileRef = 6503D85727DDB89400DB8BD4 /* Assets.xcassets */; };
		6503D85B27DDB89400DB8BD4 /* LaunchScreen.storyboard in Resources */ = {isa = PBXBuildFile; fileRef = 6503D85927DDB89400DB8BD4 /* LaunchScreen.storyboard */; };
		6503D86327DDB92100DB8BD4 /* GoogleService-Info.plist in Resources */ = {isa = PBXBuildFile; fileRef = 6503D86227DDB92100DB8BD4 /* GoogleService-Info.plist */; };
		AA644EA32AAC62F17A0EAF73 /* Pods_App20220313FBLogin.framework in Frameworks */ = {isa = PBXBuildFile; fileRef = FF0F32F864147725252A59D5 /* Pods_App20220313FBLogin.framework */; };
/* End PBXBuildFile section */

/* Begin PBXFileReference section */
		6503D84B27DDB89000DB8BD4 /* App20220313FBLogin.app */ = {isa = PBXFileReference; explicitFileType = wrapper.application; includeInIndex = 0; path = App20220313FBLogin.app; sourceTree = BUILT_PRODUCTS_DIR; };
		6503D84E27DDB89000DB8BD4 /* AppDelegate.swift */ = {isa = PBXFileReference; lastKnownFileType = sourcecode.swift; path = AppDelegate.swift; sourceTree = "<group>"; };
		6503D85027DDB89000DB8BD4 /* SceneDelegate.swift */ = {isa = PBXFileReference; lastKnownFileType = sourcecode.swift; path = SceneDelegate.swift; sourceTree = "<group>"; };
		6503D85227DDB89000DB8BD4 /* ViewController.swift */ = {isa = PBXFileReference; lastKnownFileType = sourcecode.swift; path = ViewController.swift; sourceTree = "<group>"; };
		6503D85527DDB89000DB8BD4 /* Base */ = {isa = PBXFileReference; lastKnownFileType = file.storyboard; name = Base; path = Base.lproj/Main.storyboard; sourceTree = "<group>"; };
		6503D85727DDB89400DB8BD4 /* Assets.xcassets */ = {isa = PBXFileReference; lastKnownFileType = folder.assetcatalog; path = Assets.xcassets; sourceTree = "<group>"; };
		6503D85A27DDB89400DB8BD4 /* Base */ = {isa = PBXFileReference; lastKnownFileType = file.storyboard; name = Base; path = Base.lproj/LaunchScreen.storyboard; sourceTree = "<group>"; };
		6503D85C27DDB89400DB8BD4 /* Info.plist */ = {isa = PBXFileReference; lastKnownFileType = text.plist.xml; path = Info.plist; sourceTree = "<group>"; };
		6503D86227DDB92100DB8BD4 /* GoogleService-Info.plist */ = {isa = PBXFileReference; fileEncoding = 4; lastKnownFileType = text.plist.xml; path = "GoogleService-Info.plist"; sourceTree = "<group>"; };
		96E319F015E7C40B6EC63E4F /* Pods-App20220313FBLogin.debug.xcconfig */ = {isa = PBXFileReference; includeInIndex = 1; lastKnownFileType = text.xcconfig; name = "Pods-App20220313FBLogin.debug.xcconfig"; path = "Target Support Files/Pods-App20220313FBLogin/Pods-App20220313FBLogin.debug.xcconfig"; sourceTree = "<group>"; };
		EC1E7A17BE59188A477BEACB /* Pods-App20220313FBLogin.release.xcconfig */ = {isa = PBXFileReference; includeInIndex = 1; lastKnownFileType = text.xcconfig; name = "Pods-App20220313FBLogin.release.xcconfig"; path = "Target Support Files/Pods-App20220313FBLogin/Pods-App20220313FBLogin.release.xcconfig"; sourceTree = "<group>"; };
		FF0F32F864147725252A59D5 /* Pods_App20220313FBLogin.framework */ = {isa = PBXFileReference; explicitFileType = wrapper.framework; includeInIndex = 0; path = Pods_App20220313FBLogin.framework; sourceTree = BUILT_PRODUCTS_DIR; };
/* End PBXFileReference section */

/* Begin PBXFrameworksBuildPhase section */
		6503D84827DDB89000DB8BD4 /* Frameworks */ = {
			isa = PBXFrameworksBuildPhase;
			buildActionMask = 2147483647;
			files = (
				AA644EA32AAC62F17A0EAF73 /* Pods_App20220313FBLogin.framework in Frameworks */,
			);
			runOnlyForDeploymentPostprocessing = 0;
		};
/* End PBXFrameworksBuildPhase section */

/* Begin PBXGroup section */
		385C34FBEA4DE05DF23DF676 /* Frameworks */ = {
			isa = PBXGroup;
			children = (
				FF0F32F864147725252A59D5 /* Pods_App20220313FBLogin.framework */,
			);
			name = Frameworks;
			sourceTree = "<group>";
		};
		6503D84227DDB89000DB8BD4 = {
			isa = PBXGroup;
			children = (
				6503D84D27DDB89000DB8BD4 /* App20220313FBLogin */,
				6503D84C27DDB89000DB8BD4 /* Products */,
				8F6FCB1BB50638545FE124A2 /* Pods */,
				385C34FBEA4DE05DF23DF676 /* Frameworks */,
			);
			sourceTree = "<group>";
		};
		6503D84C27DDB89000DB8BD4 /* Products */ = {
			isa = PBXGroup;
			children = (
				6503D84B27DDB89000DB8BD4 /* App20220313FBLogin.app */,
			);
			name = Products;
			sourceTree = "<group>";
		};
		6503D84D27DDB89000DB8BD4 /* App20220313FBLogin */ = {
			isa = PBXGroup;
			children = (
				6503D86227DDB92100DB8BD4 /* GoogleService-Info.plist */,
				6503D84E27DDB89000DB8BD4 /* AppDelegate.swift */,
				6503D85027DDB89000DB8BD4 /* SceneDelegate.swift */,
				6503D85227DDB89000DB8BD4 /* ViewController.swift */,
				6503D85427DDB89000DB8BD4 /* Main.storyboard */,
				6503D85727DDB89400DB8BD4 /* Assets.xcassets */,
				6503D85927DDB89400DB8BD4 /* LaunchScreen.storyboard */,
				6503D85C27DDB89400DB8BD4 /* Info.plist */,
			);
			path = App20220313FBLogin;
			sourceTree = "<group>";
		};
		8F6FCB1BB50638545FE124A2 /* Pods */ = {
			isa = PBXGroup;
			children = (
				96E319F015E7C40B6EC63E4F /* Pods-App20220313FBLogin.debug.xcconfig */,
				EC1E7A17BE59188A477BEACB /* Pods-App20220313FBLogin.release.xcconfig */,
			);
			path = Pods;
			sourceTree = "<group>";
		};
/* End PBXGroup section */

/* Begin PBXNativeTarget section */
		6503D84A27DDB89000DB8BD4 /* App20220313FBLogin */ = {
			isa = PBXNativeTarget;
			buildConfigurationList = 6503D85F27DDB89400DB8BD4 /* Build configuration list for PBXNativeTarget "App20220313FBLogin" */;
			buildPhases = (
				9EBB6A023FDA8ADDA286231C /* [CP] Check Pods Manifest.lock */,
				6503D84727DDB89000DB8BD4 /* Sources */,
				6503D84827DDB89000DB8BD4 /* Frameworks */,
				6503D84927DDB89000DB8BD4 /* Resources */,
				3046952662638B7BC2BACD64 /* [CP] Embed Pods Frameworks */,
			);
			buildRules = (
			);
			dependencies = (
			);
			name = App20220313FBLogin;
			packageProductDependencies = (
			);
			productName = App20220313FBLogin;
			productReference = 6503D84B27DDB89000DB8BD4 /* App20220313FBLogin.app */;
			productType = "com.apple.product-type.application";
		};
/* End PBXNativeTarget section */

/* Begin PBXProject section */
		6503D84327DDB89000DB8BD4 /* Project object */ = {
			isa = PBXProject;
			attributes = {
				BuildIndependentTargetsInParallel = 1;
				LastSwiftUpdateCheck = 1320;
				LastUpgradeCheck = 1320;
				TargetAttributes = {
					6503D84A27DDB89000DB8BD4 = {
						CreatedOnToolsVersion = 13.2;
					};
				};
			};
			buildConfigurationList = 6503D84627DDB89000DB8BD4 /* Build configuration list for PBXProject "App20220313FBLogin" */;
			compatibilityVersion = "Xcode 13.0";
			developmentRegion = en;
			hasScannedForEncodings = 0;
			knownRegions = (
				en,
				Base,
			);
			mainGroup = 6503D84227DDB89000DB8BD4;
			packageReferences = (
			);
			productRefGroup = 6503D84C27DDB89000DB8BD4 /* Products */;
			projectDirPath = "";
			projectRoot = "";
			targets = (
				6503D84A27DDB89000DB8BD4 /* App20220313FBLogin */,
			);
		};
/* End PBXProject section */

/* Begin PBXResourcesBuildPhase section */
		6503D84927DDB89000DB8BD4 /* Resources */ = {
			isa = PBXResourcesBuildPhase;
			buildActionMask = 2147483647;
			files = (
				6503D85B27DDB89400DB8BD4 /* LaunchScreen.storyboard in Resources */,
				6503D86327DDB92100DB8BD4 /* GoogleService-Info.plist in Resources */,
				6503D85827DDB89400DB8BD4 /* Assets.xcassets in Resources */,
				6503D85627DDB89000DB8BD4 /* Main.storyboard in Resources */,
			);
			runOnlyForDeploymentPostprocessing = 0;
		};
/* End PBXResourcesBuildPhase section */

/* Begin PBXShellScriptBuildPhase section */
		3046952662638B7BC2BACD64 /* [CP] Embed Pods Frameworks */ = {
			isa = PBXShellScriptBuildPhase;
			buildActionMask = 2147483647;
			files = (
			);
			inputFileListPaths = (
				"${PODS_ROOT}/Target Support Files/Pods-App20220313FBLogin/Pods-App20220313FBLogin-frameworks-${CONFIGURATION}-input-files.xcfilelist",
			);
			name = "[CP] Embed Pods Frameworks";
			outputFileListPaths = (
				"${PODS_ROOT}/Target Support Files/Pods-App20220313FBLogin/Pods-App20220313FBLogin-frameworks-${CONFIGURATION}-output-files.xcfilelist",
			);
			runOnlyForDeploymentPostprocessing = 0;
			shellPath = /bin/sh;
			shellScript = "\"${PODS_ROOT}/Target Support Files/Pods-App20220313FBLogin/Pods-App20220313FBLogin-frameworks.sh\"\n";
			showEnvVarsInLog = 0;
		};
		9EBB6A023FDA8ADDA286231C /* [CP] Check Pods Manifest.lock */ = {
			isa = PBXShellScriptBuildPhase;
			buildActionMask = 2147483647;
			files = (
			);
			inputFileListPaths = (
			);
			inputPaths = (
				"${PODS_PODFILE_DIR_PATH}/Podfile.lock",
				"${PODS_ROOT}/Manifest.lock",
			);
			name = "[CP] Check Pods Manifest.lock";
			outputFileListPaths = (
			);
			outputPaths = (
				"$(DERIVED_FILE_DIR)/Pods-App20220313FBLogin-checkManifestLockResult.txt",
			);
			runOnlyForDeploymentPostprocessing = 0;
			shellPath = /bin/sh;
			shellScript = "diff \"${PODS_PODFILE_DIR_PATH}/Podfile.lock\" \"${PODS_ROOT}/Manifest.lock\" > /dev/null\nif [ $? != 0 ] ; then\n    # print error to STDERR\n    echo \"error: The sandbox is not in sync with the Podfile.lock. Run 'pod install' or update your CocoaPods installation.\" >&2\n    exit 1\nfi\n# This output is used by Xcode 'outputs' to avoid re-running this script phase.\necho \"SUCCESS\" > \"${SCRIPT_OUTPUT_FILE_0}\"\n";
			showEnvVarsInLog = 0;
		};
/* End PBXShellScriptBuildPhase section */

/* Begin PBXSourcesBuildPhase section */
		6503D84727DDB89000DB8BD4 /* Sources */ = {
			isa = PBXSourcesBuildPhase;
			buildActionMask = 2147483647;
			files = (
				6503D85327DDB89000DB8BD4 /* ViewController.swift in Sources */,
				6503D84F27DDB89000DB8BD4 /* AppDelegate.swift in Sources */,
				6503D85127DDB89000DB8BD4 /* SceneDelegate.swift in Sources */,
			);
			runOnlyForDeploymentPostprocessing = 0;
		};
/* End PBXSourcesBuildPhase section */

/* Begin PBXVariantGroup section */
		6503D85427DDB89000DB8BD4 /* Main.storyboard */ = {
			isa = PBXVariantGroup;
			children = (
				6503D85527DDB89000DB8BD4 /* Base */,
			);
			name = Main.storyboard;
			sourceTree = "<group>";
		};
		6503D85927DDB89400DB8BD4 /* LaunchScreen.storyboard */ = {
			isa = PBXVariantGroup;
			children = (
				6503D85A27DDB89400DB8BD4 /* Base */,
			);
			name = LaunchScreen.storyboard;
			sourceTree = "<group>";
		};
/* End PBXVariantGroup section */

/* Begin XCBuildConfiguration section */
		6503D85D27DDB89400DB8BD4 /* Debug */ = {
			isa = XCBuildConfiguration;
			buildSettings = {
				ALWAYS_SEARCH_USER_PATHS = NO;
				CLANG_ANALYZER_NONNULL = YES;
				CLANG_ANALYZER_NUMBER_OBJECT_CONVERSION = YES_AGGRESSIVE;
				CLANG_CXX_LANGUAGE_STANDARD = "gnu++17";
				CLANG_CXX_LIBRARY = "libc++";
				CLANG_ENABLE_MODULES = YES;
				CLANG_ENABLE_OBJC_ARC = YES;
				CLANG_ENABLE_OBJC_WEAK = YES;
				CLANG_WARN_BLOCK_CAPTURE_AUTORELEASING = YES;
				CLANG_WARN_BOOL_CONVERSION = YES;
				CLANG_WARN_COMMA = YES;
				CLANG_WARN_CONSTANT_CONVERSION = YES;
				CLANG_WARN_DEPRECATED_OBJC_IMPLEMENTATIONS = YES;
				CLANG_WARN_DIRECT_OBJC_ISA_USAGE = YES_ERROR;
				CLANG_WARN_DOCUMENTATION_COMMENTS = YES;
				CLANG_WARN_EMPTY_BODY = YES;
				CLANG_WARN_ENUM_CONVERSION = YES;
				CLANG_WARN_INFINITE_RECURSION = YES;
				CLANG_WARN_INT_CONVERSION = YES;
				CLANG_WARN_NON_LITERAL_NULL_CONVERSION = YES;
				CLANG_WARN_OBJC_IMPLICIT_RETAIN_SELF = YES;
				CLANG_WARN_OBJC_LITERAL_CONVERSION = YES;
				CLANG_WARN_OBJC_ROOT_CLASS = YES_ERROR;
				CLANG_WARN_QUOTED_INCLUDE_IN_FRAMEWORK_HEADER = YES;
				CLANG_WARN_RANGE_LOOP_ANALYSIS = YES;
				CLANG_WARN_STRICT_PROTOTYPES = YES;
				CLANG_WARN_SUSPICIOUS_MOVE = YES;
				CLANG_WARN_UNGUARDED_AVAILABILITY = YES_AGGRESSIVE;
				CLANG_WARN_UNREACHABLE_CODE = YES;
				CLANG_WARN__DUPLICATE_METHOD_MATCH = YES;
				COPY_PHASE_STRIP = NO;
				DEBUG_INFORMATION_FORMAT = dwarf;
				ENABLE_STRICT_OBJC_MSGSEND = YES;
				ENABLE_TESTABILITY = YES;
				GCC_C_LANGUAGE_STANDARD = gnu11;
				GCC_DYNAMIC_NO_PIC = NO;
				GCC_NO_COMMON_BLOCKS = YES;
				GCC_OPTIMIZATION_LEVEL = 0;
				GCC_PREPROCESSOR_DEFINITIONS = (
					"DEBUG=1",
					"$(inherited)",
				);
				GCC_WARN_64_TO_32_BIT_CONVERSION = YES;
				GCC_WARN_ABOUT_RETURN_TYPE = YES_ERROR;
				GCC_WARN_UNDECLARED_SELECTOR = YES;
				GCC_WARN_UNINITIALIZED_AUTOS = YES_AGGRESSIVE;
				GCC_WARN_UNUSED_FUNCTION = YES;
				GCC_WARN_UNUSED_VARIABLE = YES;
				IPHONEOS_DEPLOYMENT_TARGET = 15.2;
				MTL_ENABLE_DEBUG_INFO = INCLUDE_SOURCE;
				MTL_FAST_MATH = YES;
				ONLY_ACTIVE_ARCH = YES;
				SDKROOT = iphoneos;
				SWIFT_ACTIVE_COMPILATION_CONDITIONS = DEBUG;
				SWIFT_OPTIMIZATION_LEVEL = "-Onone";
			};
			name = Debug;
		};
		6503D85E27DDB89400DB8BD4 /* Release */ = {
			isa = XCBuildConfiguration;
			buildSettings = {
				ALWAYS_SEARCH_USER_PATHS = NO;
				CLANG_ANALYZER_NONNULL = YES;
				CLANG_ANALYZER_NUMBER_OBJECT_CONVERSION = YES_AGGRESSIVE;
				CLANG_CXX_LANGUAGE_STANDARD = "gnu++17";
				CLANG_CXX_LIBRARY = "libc++";
				CLANG_ENABLE_MODULES = YES;
				CLANG_ENABLE_OBJC_ARC = YES;
				CLANG_ENABLE_OBJC_WEAK = YES;
				CLANG_WARN_BLOCK_CAPTURE_AUTORELEASING = YES;
				CLANG_WARN_BOOL_CONVERSION = YES;
				CLANG_WARN_COMMA = YES;
				CLANG_WARN_CONSTANT_CONVERSION = YES;
				CLANG_WARN_DEPRECATED_OBJC_IMPLEMENTATIONS = YES;
				CLANG_WARN_DIRECT_OBJC_ISA_USAGE = YES_ERROR;
				CLANG_WARN_DOCUMENTATION_COMMENTS = YES;
				CLANG_WARN_EMPTY_BODY = YES;
				CLANG_WARN_ENUM_CONVERSION = YES;
				CLANG_WARN_INFINITE_RECURSION = YES;
				CLANG_WARN_INT_CONVERSION = YES;
				CLANG_WARN_NON_LITERAL_NULL_CONVERSION = YES;
				CLANG_WARN_OBJC_IMPLICIT_RETAIN_SELF = YES;
				CLANG_WARN_OBJC_LITERAL_CONVERSION = YES;
				CLANG_WARN_OBJC_ROOT_CLASS = YES_ERROR;
				CLANG_WARN_QUOTED_INCLUDE_IN_FRAMEWORK_HEADER = YES;
				CLANG_WARN_RANGE_LOOP_ANALYSIS = YES;
				CLANG_WARN_STRICT_PROTOTYPES = YES;
				CLANG_WARN_SUSPICIOUS_MOVE = YES;
				CLANG_WARN_UNGUARDED_AVAILABILITY = YES_AGGRESSIVE;
				CLANG_WARN_UNREACHABLE_CODE = YES;
				CLANG_WARN__DUPLICATE_METHOD_MATCH = YES;
				COPY_PHASE_STRIP = NO;
				DEBUG_INFORMATION_FORMAT = "dwarf-with-dsym";
				ENABLE_NS_ASSERTIONS = NO;
				ENABLE_STRICT_OBJC_MSGSEND = YES;
				GCC_C_LANGUAGE_STANDARD = gnu11;
				GCC_NO_COMMON_BLOCKS = YES;
				GCC_WARN_64_TO_32_BIT_CONVERSION = YES;
				GCC_WARN_ABOUT_RETURN_TYPE = YES_ERROR;
				GCC_WARN_UNDECLARED_SELECTOR = YES;
				GCC_WARN_UNINITIALIZED_AUTOS = YES_AGGRESSIVE;
				GCC_WARN_UNUSED_FUNCTION = YES;
				GCC_WARN_UNUSED_VARIABLE = YES;
				IPHONEOS_DEPLOYMENT_TARGET = 15.2;
				MTL_ENABLE_DEBUG_INFO = NO;
				MTL_FAST_MATH = YES;
				SDKROOT = iphoneos;
				SWIFT_COMPILATION_MODE = wholemodule;
				SWIFT_OPTIMIZATION_LEVEL = "-O";
				VALIDATE_PRODUCT = YES;
			};
			name = Release;
		};
		6503D86027DDB89400DB8BD4 /* Debug */ = {
			isa = XCBuildConfiguration;
			baseConfigurationReference = 96E319F015E7C40B6EC63E4F /* Pods-App20220313FBLogin.debug.xcconfig */;
			buildSettings = {
				ASSETCATALOG_COMPILER_APPICON_NAME = AppIcon;
				ASSETCATALOG_COMPILER_GLOBAL_ACCENT_COLOR_NAME = AccentColor;
				CODE_SIGN_STYLE = Automatic;
				CURRENT_PROJECT_VERSION = 1;
				DEVELOPMENT_TEAM = QGUDE94G9E;
				GENERATE_INFOPLIST_FILE = YES;
				INFOPLIST_FILE = App20220313FBLogin/Info.plist;
				INFOPLIST_KEY_UIApplicationSupportsIndirectInputEvents = YES;
				INFOPLIST_KEY_UILaunchStoryboardName = LaunchScreen;
				INFOPLIST_KEY_UIMainStoryboardFile = Main;
				INFOPLIST_KEY_UISupportedInterfaceOrientations_iPad = "UIInterfaceOrientationPortrait UIInterfaceOrientationPortraitUpsideDown UIInterfaceOrientationLandscapeLeft UIInterfaceOrientationLandscapeRight";
				INFOPLIST_KEY_UISupportedInterfaceOrientations_iPhone = "UIInterfaceOrientationPortrait UIInterfaceOrientationLandscapeLeft UIInterfaceOrientationLandscapeRight";
				LD_RUNPATH_SEARCH_PATHS = (
					"$(inherited)",
					"@executable_path/Frameworks",
				);
				MARKETING_VERSION = 1.0;
				PRODUCT_BUNDLE_IDENTIFIER = myyhhuang.com.App20220313FBLogin;
				PRODUCT_NAME = "$(TARGET_NAME)";
				SWIFT_EMIT_LOC_STRINGS = YES;
				SWIFT_VERSION = 5.0;
				TARGETED_DEVICE_FAMILY = "1,2";
			};
			name = Debug;
		};
		6503D86127DDB89400DB8BD4 /* Release */ = {
			isa = XCBuildConfiguration;
			baseConfigurationReference = EC1E7A17BE59188A477BEACB /* Pods-App20220313FBLogin.release.xcconfig */;
			buildSettings = {
				ASSETCATALOG_COMPILER_APPICON_NAME = AppIcon;
				ASSETCATALOG_COMPILER_GLOBAL_ACCENT_COLOR_NAME = AccentColor;
				CODE_SIGN_STYLE = Automatic;
				CURRENT_PROJECT_VERSION = 1;
				DEVELOPMENT_TEAM = QGUDE94G9E;
				GENERATE_INFOPLIST_FILE = YES;
				INFOPLIST_FILE = App20220313FBLogin/Info.plist;
				INFOPLIST_KEY_UIApplicationSupportsIndirectInputEvents = YES;
				INFOPLIST_KEY_UILaunchStoryboardName = LaunchScreen;
				INFOPLIST_KEY_UIMainStoryboardFile = Main;
				INFOPLIST_KEY_UISupportedInterfaceOrientations_iPad = "UIInterfaceOrientationPortrait UIInterfaceOrientationPortraitUpsideDown UIInterfaceOrientationLandscapeLeft UIInterfaceOrientationLandscapeRight";
				INFOPLIST_KEY_UISupportedInterfaceOrientations_iPhone = "UIInterfaceOrientationPortrait UIInterfaceOrientationLandscapeLeft UIInterfaceOrientationLandscapeRight";
				LD_RUNPATH_SEARCH_PATHS = (
					"$(inherited)",
					"@executable_path/Frameworks",
				);
				MARKETING_VERSION = 1.0;
				PRODUCT_BUNDLE_IDENTIFIER = myyhhuang.com.App20220313FBLogin;
				PRODUCT_NAME = "$(TARGET_NAME)";
				SWIFT_EMIT_LOC_STRINGS = YES;
				SWIFT_VERSION = 5.0;
				TARGETED_DEVICE_FAMILY = "1,2";
			};
			name = Release;
		};
/* End XCBuildConfiguration section */

/* Begin XCConfigurationList section */
		6503D84627DDB89000DB8BD4 /* Build configuration list for PBXProject "App20220313FBLogin" */ = {
			isa = XCConfigurationList;
			buildConfigurations = (
				6503D85D27DDB89400DB8BD4 /* Debug */,
				6503D85E27DDB89400DB8BD4 /* Release */,
			);
			defaultConfigurationIsVisible = 0;
			defaultConfigurationName = Release;
		};
		6503D85F27DDB89400DB8BD4 /* Build configuration list for PBXNativeTarget "App20220313FBLogin" */ = {
			isa = XCConfigurationList;
			buildConfigurations = (
				6503D86027DDB89400DB8BD4 /* Debug */,
				6503D86127DDB89400DB8BD4 /* Release */,
			);
			defaultConfigurationIsVisible = 0;
			defaultConfigurationName = Release;
		};
/* End XCConfigurationList section */
	};
	rootObject = 6503D84327DDB89000DB8BD4 /* Project object */;
}
